// !$*UTF8*$!
{
	archiveVersion = 1;
	classes = {
	};
	objectVersion = 46;
	objects = {

/* Begin PBXBuildFile section */
		4A3394F41C7E1C0B0047BD2E /* main.c in Sources */ = {isa = PBXBuildFile; fileRef = 4A3394F31C7E1C0B0047BD2E /* main.c */; };
/* End PBXBuildFile section */

/* Begin PBXCopyFilesBuildPhase section */
		4A3394EE1C7E1C0B0047BD2E /* CopyFiles */ = {
			isa = PBXCopyFilesBuildPhase;
			buildActionMask = 2147483647;
			dstPath = /usr/share/man/man1/;
			dstSubfolderSpec = 0;
			files = (
			);
			runOnlyForDeploymentPostprocessing = 1;
		};
/* End PBXCopyFilesBuildPhase section */

/* Begin PBXFileReference section */
		4A3394F01C7E1C0B0047BD2E /* MkHexLat */ = {isa = PBXFileReference; explicitFileType = "compiled.mach-o.executable"; includeInIndex = 0; path = MkHexLat; sourceTree = BUILT_PRODUCTS_DIR; };
		4A3394F31C7E1C0B0047BD2E /* main.c */ = {isa = PBXFileReference; lastKnownFileType = sourcecode.c.c; path = main.c; sourceTree = "<group>"; };
/* End PBXFileReference section */

/* Begin PBXFrameworksBuildPhase section */
		4A3394ED1C7E1C0B0047BD2E /* Frameworks */ = {
			isa = PBXFrameworksBuildPhase;
			buildActionMask = 2147483647;
			files = (
			);
			runOnlyForDeploymentPostprocessing = 0;
		};
/* End PBXFrameworksBuildPhase section */

/* Begin PBXGroup section */
		4A3394E71C7E1C0B0047BD2E = {
			isa = PBXGroup;
			children = (
				4A3394F21C7E1C0B0047BD2E /* MkHexLat */,
				4A3394F11C7E1C0B0047BD2E /* Products */,
			);
			sourceTree = "<group>";
		};
		4A3394F11C7E1C0B0047BD2E /* Products */ = {
			isa = PBXGroup;
			children = (
				4A3394F01C7E1C0B0047BD2E /* MkHexLat */,
			);
			name = Products;
			sourceTree = "<group>";
		};
		4A3394F21C7E1C0B0047BD2E /* MkHexLat */ = {
			isa = PBXGroup;
			children = (
				4A3394F31C7E1C0B0047BD2E /* main.c */,
			);
			path = MkHexLat;
			sourceTree = "<group>";
		};
/* End PBXGroup section */

/* Begin PBXNativeTarget section */
		4A3394EF1C7E1C0B0047BD2E /* MkHexLat */ = {
			isa = PBXNativeTarget;
			buildConfigurationList = 4A3394F71C7E1C0B0047BD2E /* Build configuration list for PBXNativeTarget "MkHexLat" */;
			buildPhases = (
				4A3394EC1C7E1C0B0047BD2E /* Sources */,
				4A3394ED1C7E1C0B0047BD2E /* Frameworks */,
				4A3394EE1C7E1C0B0047BD2E /* CopyFiles */,
			);
			buildRules = (
			);
			dependencies = (
			);
			name = MkHexLat;
			productName = MkHexLat;
			productReference = 4A3394F01C7E1C0B0047BD2E /* MkHexLat */;
			productType = "com.apple.product-type.tool";
		};
/* End PBXNativeTarget section */

/* Begin PBXProject section */
		4A3394E81C7E1C0B0047BD2E /* Project object */ = {
			isa = PBXProject;
			attributes = {
				LastUpgradeCheck = 0620;
				ORGANIZATIONNAME = "Alexander Kompch";
				TargetAttributes = {
					4A3394EF1C7E1C0B0047BD2E = {
						CreatedOnToolsVersion = 6.2;
					};
				};
			};
			buildConfigurationList = 4A3394EB1C7E1C0B0047BD2E /* Build configuration list for PBXProject "MkHexLat" */;
			compatibilityVersion = "Xcode 3.2";
			developmentRegion = English;
			hasScannedForEncodings = 0;
			knownRegions = (
				en,
			);
			mainGroup = 4A3394E71C7E1C0B0047BD2E;
			productRefGroup = 4A3394F11C7E1C0B0047BD2E /* Products */;
			projectDirPath = "";
			projectRoot = "";
			targets = (
				4A3394EF1C7E1C0B0047BD2E /* MkHexLat */,
			);
		};
/* End PBXProject section */

/* Begin PBXSourcesBuildPhase section */
		4A3394EC1C7E1C0B0047BD2E /* Sources */ = {
			isa = PBXSourcesBuildPhase;
			buildActionMask = 2147483647;
			files = (
				4A3394F41C7E1C0B0047BD2E /* main.c in Sources */,
			);
			runOnlyForDeploymentPostprocessing = 0;
		};
/* End PBXSourcesBuildPhase section */

/* Begin XCBuildConfiguration section */
		4A3394F51C7E1C0B0047BD2E /* Debug */ = {
			isa = XCBuildConfiguration;
			buildSettings = {
				ALWAYS_SEARCH_USER_PATHS = NO;
				CLANG_CXX_LANGUAGE_STANDARD = "gnu++0x";
				CLANG_CXX_LIBRARY = "libc++";
				CLANG_ENABLE_MODULES = YES;
				CLANG_ENABLE_OBJC_ARC = YES;
				CLANG_WARN_BOOL_CONVERSION = YES;
				CLANG_WARN_CONSTANT_CONVERSION = YES;
				CLANG_WARN_DIRECT_OBJC_ISA_USAGE = YES_ERROR;
				CLANG_WARN_EMPTY_BODY = YES;
				CLANG_WARN_ENUM_CONVERSION = YES;
				CLANG_WARN_INT_CONVERSION = YES;
				CLANG_WARN_OBJC_ROOT_CLASS = YES_ERROR;
				CLANG_WARN_UNREACHABLE_CODE = YES;
				CLANG_WARN__DUPLICATE_METHOD_MATCH = YES;
				COPY_PHASE_STRIP = NO;
				ENABLE_STRICT_OBJC_MSGSEND = YES;
				GCC_C_LANGUAGE_STANDARD = gnu99;
				GCC_DYNAMIC_NO_PIC = NO;
				GCC_OPTIMIZATION_LEVEL = 0;
				GCC_PREPROCESSOR_DEFINITIONS = (
					"DEBUG=1",
					"$(inherited)",
				);
				GCC_SYMBOLS_PRIVATE_EXTERN = NO;
				GCC_WARN_64_TO_32_BIT_CONVERSION = YES;
				GCC_WARN_ABOUT_RETURN_TYPE = YES_ERROR;
				GCC_WARN_UNDECLARED_SELECTOR = YES;
				GCC_WARN_UNINITIALIZED_AUTOS = YES_AGGRESSIVE;
				GCC_WARN_UNUSED_FUNCTION = YES;
				GCC_WARN_UNUSED_VARIABLE = YES;
				MACOSX_DEPLOYMENT_TARGET = 10.9;
				MTL_ENABLE_DEBUG_INFO = YES;
				ONLY_ACTIVE_ARCH = YES;
				SDKROOT = macosx;
			};
			name = Debug;
		};
		4A3394F61C7E1C0B0047BD2E /* Release */ = {
			isa = XCBuildConfiguration;
			buildSettings = {
				ALWAYS_SEARCH_USER_PATHS = NO;
				CLANG_CXX_LANGUAGE_STANDARD = "gnu++0x";
				CLANG_CXX_LIBRARY = "libc++";
				CLANG_ENABLE_MODULES = YES;
				CLANG_ENABLE_OBJC_ARC = YES;
				CLANG_WARN_BOOL_CONVERSION = YES;
				CLANG_WARN_CONSTANT_CONVERSION = YES;
				CLANG_WARN_DIRECT_OBJC_ISA_USAGE = YES_ERROR;
				CLANG_WARN_EMPTY_BODY = YES;
				CLANG_WARN_ENUM_CONVERSION = YES;
				CLANG_WARN_INT_CONVERSION = YES;
				CLANG_WARN_OBJC_ROOT_CLASS = YES_ERROR;
				CLANG_WARN_UNREACHABLE_CODE = YES;
				CLANG_WARN__DUPLICATE_METHOD_MATCH = YES;
				COPY_PHASE_STRIP = NO;
				DEBUG_INFORMATION_FORMAT = "dwarf-with-dsym";
				ENABLE_NS_ASSERTIONS = NO;
				ENABLE_STRICT_OBJC_MSGSEND = YES;
				GCC_C_LANGUAGE_STANDARD = gnu99;
				GCC_WARN_64_TO_32_BIT_CONVERSION = YES;
				GCC_WARN_ABOUT_RETURN_TYPE = YES_ERROR;
				GCC_WARN_UNDECLARED_SELECTOR = YES;
				GCC_WARN_UNINITIALIZED_AUTOS = YES_AGGRESSIVE;
				GCC_WARN_UNUSED_FUNCTION = YES;
				GCC_WARN_UNUSED_VARIABLE = YES;
				MACOSX_DEPLOYMENT_TARGET = 10.9;
				MTL_ENABLE_DEBUG_INFO = NO;
				SDKROOT = macosx;
			};
			name = Release;
		};
		4A3394F81C7E1C0B0047BD2E /* Debug */ = {
			isa = XCBuildConfiguration;
			buildSettings = {
				PRODUCT_NAME = "$(TARGET_NAME)";
			};
			name = Debug;
		};
		4A3394F91C7E1C0B0047BD2E /* Release */ = {
			isa = XCBuildConfiguration;
			buildSettings = {
				PRODUCT_NAME = "$(TARGET_NAME)";
			};
			name = Release;
		};
/* End XCBuildConfiguration section */

/* Begin XCConfigurationList section */
		4A3394EB1C7E1C0B0047BD2E /* Build configuration list for PBXProject "MkHexLat" */ = {
			isa = XCConfigurationList;
			buildConfigurations = (
				4A3394F51C7E1C0B0047BD2E /* Debug */,
				4A3394F61C7E1C0B0047BD2E /* Release */,
			);
			defaultConfigurationIsVisible = 0;
			defaultConfigurationName = Release;
		};
		4A3394F71C7E1C0B0047BD2E /* Build configuration list for PBXNativeTarget "MkHexLat" */ = {
			isa = XCConfigurationList;
			buildConfigurations = (
				4A3394F81C7E1C0B0047BD2E /* Debug */,
				4A3394F91C7E1C0B0047BD2E /* Release */,
			);
			defaultConfigurationIsVisible = 0;
		};
/* End XCConfigurationList section */
	};
	rootObject = 4A3394E81C7E1C0B0047BD2E /* Project object */;
}
